
Microsoft Visual Studio Solution File, Format Version 12.00
# Visual Studio Version 17
VisualStudioVersion = 17.3.32611.2
MinimumVisualStudioVersion = 10.0.40219.1
Project("{9A19103F-16F7-4668-BE54-9A1E7A4F7556}") = "WinForm", "WinForm\WinForm.csproj", "{0E30CD85-1D24-4BE9-A352-B5FC3898EFCD}"
EndProject
Project("{9A19103F-16F7-4668-BE54-9A1E7A4F7556}") = "DataLayer", "DataLayer\DataLayer.csproj", "{915C7625-B23B-4029-8F2A-4FA72279898B}"
EndProject
Global
	GlobalSection(SolutionConfigurationPlatforms) = preSolution
		Debug|Any CPU = Debug|Any CPU
		Release|Any CPU = Release|Any CPU
	EndGlobalSection
	GlobalSection(ProjectConfigurationPlatforms) = postSolution
		{0E30CD85-1D24-4BE9-A352-B5FC3898EFCD}.Debug|Any CPU.ActiveCfg = Debug|Any CPU
		{0E30CD85-1D24-4BE9-A352-B5FC3898EFCD}.Debug|Any CPU.Build.0 = Debug|Any CPU
		{0E30CD85-1D24-4BE9-A352-B5FC3898EFCD}.Release|Any CPU.ActiveCfg = Release|Any CPU
		{0E30CD85-1D24-4BE9-A352-B5FC3898EFCD}.Release|Any CPU.Build.0 = Release|Any CPU
		{915C7625-B23B-4029-8F2A-4FA72279898B}.Debug|Any CPU.ActiveCfg = Debug|Any CPU
		{915C7625-B23B-4029-8F2A-4FA72279898B}.Debug|Any CPU.Build.0 = Debug|Any CPU
		{915C7625-B23B-4029-8F2A-4FA72279898B}.Release|Any CPU.ActiveCfg = Release|Any CPU
		{915C7625-B23B-4029-8F2A-4FA72279898B}.Release|Any CPU.Build.0 = Release|Any CPU
	EndGlobalSection
	GlobalSection(SolutionProperties) = preSolution
		HideSolutionNode = FALSE
	EndGlobalSection
	GlobalSection(ExtensibilityGlobals) = postSolution
		SolutionGuid = {5115B9C4-9114-4A92-A8AE-BA5653F34240}
	EndGlobalSection
EndGlobal
